
Microsoft Visual Studio Solution File, Format Version 12.00
# Visual Studio Version 17
VisualStudioVersion = 17.6.33829.357
MinimumVisualStudioVersion = 10.0.40219.1
Project("{FAE04EC0-301F-11D3-BF4B-00C04F79EFBC}") = "TrabalhoCSharp", "TrabalhoCSharp\TrabalhoCSharp.csproj", "{999215D3-4575-4A36-9DB9-97C7F1742611}"
EndProject
Global
	GlobalSection(SolutionConfigurationPlatforms) = preSolution
		Debug|Any CPU = Debug|Any CPU
		Release|Any CPU = Release|Any CPU
	EndGlobalSection
	GlobalSection(ProjectConfigurationPlatforms) = postSolution
		{999215D3-4575-4A36-9DB9-97C7F1742611}.Debug|Any CPU.ActiveCfg = Debug|Any CPU
		{999215D3-4575-4A36-9DB9-97C7F1742611}.Debug|Any CPU.Build.0 = Debug|Any CPU
		{999215D3-4575-4A36-9DB9-97C7F1742611}.Release|Any CPU.ActiveCfg = Release|Any CPU
		{999215D3-4575-4A36-9DB9-97C7F1742611}.Release|Any CPU.Build.0 = Release|Any CPU
	EndGlobalSection
	GlobalSection(SolutionProperties) = preSolution
		HideSolutionNode = FALSE
	EndGlobalSection
	GlobalSection(ExtensibilityGlobals) = postSolution
		SolutionGuid = {6241B870-7985-44D1-9D5B-AD640F0150DE}
	EndGlobalSection
EndGlobal
